
Microsoft Visual Studio Solution File, Format Version 12.00
# Visual Studio Version 17
VisualStudioVersion = 17.14.37710.0 d17.14
MinimumVisualStudioVersion = 10.0.40219.1
Project("{FAE04EC0-301F-11D3-BF4B-00C04F79EFBC}") = "Desafio Target 2", "Desafio Target 2\Desafio Target 2.csproj", "{9B2BEBBE-3088-472D-961B-88C76A848223}"
EndProject
Global
	GlobalSection(SolutionConfigurationPlatforms) = preSolution
		Debug|Any CPU = Debug|Any CPU
		Release|Any CPU = Release|Any CPU
	EndGlobalSection
	GlobalSection(ProjectConfigurationPlatforms) = postSolution
		{9B2BEBBE-3088-472D-961B-88C76A848223}.Debug|Any CPU.ActiveCfg = Debug|Any CPU
		{9B2BEBBE-3088-472D-961B-88C76A848223}.Debug|Any CPU.Build.0 = Debug|Any CPU
		{9B2BEBBE-3088-472D-961B-88C76A848223}.Release|Any CPU.ActiveCfg = Release|Any CPU
		{9B2BEBBE-3088-472D-961B-88C76A848223}.Release|Any CPU.Build.0 = Release|Any CPU
	EndGlobalSection
	GlobalSection(SolutionProperties) = preSolution
		HideSolutionNode = FALSE
	EndGlobalSection
	GlobalSection(ExtensibilityGlobals) = postSolution
		SolutionGuid = {7E4689CE-199D-4313-980A-CB8ED6DFFB43}
	EndGlobalSection
EndGlobal
